
Microsoft Visual Studio Solution File, Format Version 12.00
# Visual Studio 2012
Project("{FAE04EC0-301F-11D3-BF4B-00C04F79EFBC}") = "MyStockBook", "MyStockBook\MyStockBook.csproj", "{7F5841D6-AB40-42C9-8C1A-0C1359839D44}"
EndProject
Global
	GlobalSection(SolutionConfigurationPlatforms) = preSolution
		Debug|Any CPU = Debug|Any CPU
		Release|Any CPU = Release|Any CPU
	EndGlobalSection
	GlobalSection(ProjectConfigurationPlatforms) = postSolution
		{7F5841D6-AB40-42C9-8C1A-0C1359839D44}.Debug|Any CPU.ActiveCfg = Debug|Any CPU
		{7F5841D6-AB40-42C9-8C1A-0C1359839D44}.Debug|Any CPU.Build.0 = Debug|Any CPU
		{7F5841D6-AB40-42C9-8C1A-0C1359839D44}.Release|Any CPU.ActiveCfg = Release|Any CPU
		{7F5841D6-AB40-42C9-8C1A-0C1359839D44}.Release|Any CPU.Build.0 = Release|Any CPU
	EndGlobalSection
	GlobalSection(SolutionProperties) = preSolution
		HideSolutionNode = FALSE
	EndGlobalSection
EndGlobal
