
Microsoft Visual Studio Solution File, Format Version 12.00
# Visual Studio 2012
Project("{FAE04EC0-301F-11D3-BF4B-00C04F79EFBC}") = "MyStockBook", "MyStockBook\MyStockBook.csproj", "{1AA3251F-4C0D-44F5-8BF6-F67AD143F336}"
EndProject
Project("{FAE04EC0-301F-11D3-BF4B-00C04F79EFBC}") = "MyStockBook.Tests", "MyStockBook.Tests\MyStockBook.Tests.csproj", "{51C25D7C-B51B-4A47-9DE8-441AB8C0A630}"
EndProject
Global
	GlobalSection(SolutionConfigurationPlatforms) = preSolution
		Debug|Any CPU = Debug|Any CPU
		Release|Any CPU = Release|Any CPU
	EndGlobalSection
	GlobalSection(ProjectConfigurationPlatforms) = postSolution
		{1AA3251F-4C0D-44F5-8BF6-F67AD143F336}.Debug|Any CPU.ActiveCfg = Debug|Any CPU
		{1AA3251F-4C0D-44F5-8BF6-F67AD143F336}.Debug|Any CPU.Build.0 = Debug|Any CPU
		{1AA3251F-4C0D-44F5-8BF6-F67AD143F336}.Release|Any CPU.ActiveCfg = Release|Any CPU
		{1AA3251F-4C0D-44F5-8BF6-F67AD143F336}.Release|Any CPU.Build.0 = Release|Any CPU
		{51C25D7C-B51B-4A47-9DE8-441AB8C0A630}.Debug|Any CPU.ActiveCfg = Debug|Any CPU
		{51C25D7C-B51B-4A47-9DE8-441AB8C0A630}.Debug|Any CPU.Build.0 = Debug|Any CPU
		{51C25D7C-B51B-4A47-9DE8-441AB8C0A630}.Release|Any CPU.ActiveCfg = Release|Any CPU
		{51C25D7C-B51B-4A47-9DE8-441AB8C0A630}.Release|Any CPU.Build.0 = Release|Any CPU
	EndGlobalSection
	GlobalSection(SolutionProperties) = preSolution
		HideSolutionNode = FALSE
	EndGlobalSection
EndGlobal
